
Microsoft Visual Studio Solution File, Format Version 12.00
# Visual Studio Version 17
VisualStudioVersion = 17.5.002.0
MinimumVisualStudioVersion = 10.0.40219.1
Project("{9A19103F-16F7-4668-BE54-9A1E7A4F7556}") = "the-wall", "the-wall.csproj", "{D750D8BD-82D0-4AB4-A7CC-B8801622A2C5}"
EndProject
Global
	GlobalSection(SolutionConfigurationPlatforms) = preSolution
		Debug|Any CPU = Debug|Any CPU
		Release|Any CPU = Release|Any CPU
	EndGlobalSection
	GlobalSection(ProjectConfigurationPlatforms) = postSolution
		{D750D8BD-82D0-4AB4-A7CC-B8801622A2C5}.Debug|Any CPU.ActiveCfg = Debug|Any CPU
		{D750D8BD-82D0-4AB4-A7CC-B8801622A2C5}.Debug|Any CPU.Build.0 = Debug|Any CPU
		{D750D8BD-82D0-4AB4-A7CC-B8801622A2C5}.Release|Any CPU.ActiveCfg = Release|Any CPU
		{D750D8BD-82D0-4AB4-A7CC-B8801622A2C5}.Release|Any CPU.Build.0 = Release|Any CPU
	EndGlobalSection
	GlobalSection(SolutionProperties) = preSolution
		HideSolutionNode = FALSE
	EndGlobalSection
	GlobalSection(ExtensibilityGlobals) = postSolution
		SolutionGuid = {128DFA18-F864-41E4-BA00-22C4175A46B8}
	EndGlobalSection
EndGlobal
