
Microsoft Visual Studio Solution File, Format Version 12.00
# Visual Studio Version 17
VisualStudioVersion = 17.5.002.0
MinimumVisualStudioVersion = 10.0.40219.1
Project("{9A19103F-16F7-4668-BE54-9A1E7A4F7556}") = "Practice", "Practice\Practice.csproj", "{FC67E483-E142-455D-84C7-9869396739E4}"
EndProject
Global
	GlobalSection(SolutionConfigurationPlatforms) = preSolution
		Debug|Any CPU = Debug|Any CPU
		Release|Any CPU = Release|Any CPU
	EndGlobalSection
	GlobalSection(ProjectConfigurationPlatforms) = postSolution
		{FC67E483-E142-455D-84C7-9869396739E4}.Debug|Any CPU.ActiveCfg = Debug|Any CPU
		{FC67E483-E142-455D-84C7-9869396739E4}.Debug|Any CPU.Build.0 = Debug|Any CPU
		{FC67E483-E142-455D-84C7-9869396739E4}.Release|Any CPU.ActiveCfg = Release|Any CPU
		{FC67E483-E142-455D-84C7-9869396739E4}.Release|Any CPU.Build.0 = Release|Any CPU
	EndGlobalSection
	GlobalSection(SolutionProperties) = preSolution
		HideSolutionNode = FALSE
	EndGlobalSection
	GlobalSection(ExtensibilityGlobals) = postSolution
		SolutionGuid = {E750B138-9A8E-417F-9250-6B818D9DD125}
	EndGlobalSection
EndGlobal
