
Microsoft Visual Studio Solution File, Format Version 12.00
# Visual Studio Version 17
VisualStudioVersion = 17.5.002.0
MinimumVisualStudioVersion = 10.0.40219.1
Project("{9A19103F-16F7-4668-BE54-9A1E7A4F7556}") = "Workshop", "Workshop.csproj", "{B3C037BB-76BA-4BB0-9F59-F3FA8CB1718B}"
EndProject
Global
	GlobalSection(SolutionConfigurationPlatforms) = preSolution
		Debug|Any CPU = Debug|Any CPU
		Release|Any CPU = Release|Any CPU
	EndGlobalSection
	GlobalSection(ProjectConfigurationPlatforms) = postSolution
		{B3C037BB-76BA-4BB0-9F59-F3FA8CB1718B}.Debug|Any CPU.ActiveCfg = Debug|Any CPU
		{B3C037BB-76BA-4BB0-9F59-F3FA8CB1718B}.Debug|Any CPU.Build.0 = Debug|Any CPU
		{B3C037BB-76BA-4BB0-9F59-F3FA8CB1718B}.Release|Any CPU.ActiveCfg = Release|Any CPU
		{B3C037BB-76BA-4BB0-9F59-F3FA8CB1718B}.Release|Any CPU.Build.0 = Release|Any CPU
	EndGlobalSection
	GlobalSection(SolutionProperties) = preSolution
		HideSolutionNode = FALSE
	EndGlobalSection
	GlobalSection(ExtensibilityGlobals) = postSolution
		SolutionGuid = {C2145E9D-1EAE-48D3-B807-10E55EC7D1F3}
	EndGlobalSection
EndGlobal
