
Microsoft Visual Studio Solution File, Format Version 12.00
# Visual Studio Version 17
VisualStudioVersion = 17.5.002.0
MinimumVisualStudioVersion = 10.0.40219.1
Project("{9A19103F-16F7-4668-BE54-9A1E7A4F7556}") = "Core", "Core\Core.csproj", "{EE268566-E7C8-439D-8EB3-C2036DE42A13}"
EndProject
Global
	GlobalSection(SolutionConfigurationPlatforms) = preSolution
		Debug|Any CPU = Debug|Any CPU
		Release|Any CPU = Release|Any CPU
	EndGlobalSection
	GlobalSection(ProjectConfigurationPlatforms) = postSolution
		{EE268566-E7C8-439D-8EB3-C2036DE42A13}.Debug|Any CPU.ActiveCfg = Debug|Any CPU
		{EE268566-E7C8-439D-8EB3-C2036DE42A13}.Debug|Any CPU.Build.0 = Debug|Any CPU
		{EE268566-E7C8-439D-8EB3-C2036DE42A13}.Release|Any CPU.ActiveCfg = Release|Any CPU
		{EE268566-E7C8-439D-8EB3-C2036DE42A13}.Release|Any CPU.Build.0 = Release|Any CPU
	EndGlobalSection
	GlobalSection(SolutionProperties) = preSolution
		HideSolutionNode = FALSE
	EndGlobalSection
	GlobalSection(ExtensibilityGlobals) = postSolution
		SolutionGuid = {0D66ED89-6E7D-4C41-8053-1BFCD695D8E1}
	EndGlobalSection
EndGlobal
