
Microsoft Visual Studio Solution File, Format Version 12.00
# Visual Studio Version 17
VisualStudioVersion = 17.5.002.0
MinimumVisualStudioVersion = 10.0.40219.1
Project("{9A19103F-16F7-4668-BE54-9A1E7A4F7556}") = "FuelUp!", "FuelUp!.csproj", "{17FE2DBF-F616-4FF1-B5CF-2327CF1B3CDD}"
EndProject
Global
	GlobalSection(SolutionConfigurationPlatforms) = preSolution
		Debug|Any CPU = Debug|Any CPU
		Release|Any CPU = Release|Any CPU
	EndGlobalSection
	GlobalSection(ProjectConfigurationPlatforms) = postSolution
		{17FE2DBF-F616-4FF1-B5CF-2327CF1B3CDD}.Debug|Any CPU.ActiveCfg = Debug|Any CPU
		{17FE2DBF-F616-4FF1-B5CF-2327CF1B3CDD}.Debug|Any CPU.Build.0 = Debug|Any CPU
		{17FE2DBF-F616-4FF1-B5CF-2327CF1B3CDD}.Release|Any CPU.ActiveCfg = Release|Any CPU
		{17FE2DBF-F616-4FF1-B5CF-2327CF1B3CDD}.Release|Any CPU.Build.0 = Release|Any CPU
	EndGlobalSection
	GlobalSection(SolutionProperties) = preSolution
		HideSolutionNode = FALSE
	EndGlobalSection
	GlobalSection(ExtensibilityGlobals) = postSolution
		SolutionGuid = {7262DDA5-2A75-44D2-95D2-5CEEA525A98B}
	EndGlobalSection
EndGlobal
