
Microsoft Visual Studio Solution File, Format Version 12.00
# Visual Studio Version 17
VisualStudioVersion = 17.5.002.0
MinimumVisualStudioVersion = 10.0.40219.1
Project("{9A19103F-16F7-4668-BE54-9A1E7A4F7556}") = "WeddingPlanner", "WeddingPlanner.csproj", "{C228C9C4-C21F-46B3-BE56-4B935E708668}"
EndProject
Global
	GlobalSection(SolutionConfigurationPlatforms) = preSolution
		Debug|Any CPU = Debug|Any CPU
		Release|Any CPU = Release|Any CPU
	EndGlobalSection
	GlobalSection(ProjectConfigurationPlatforms) = postSolution
		{C228C9C4-C21F-46B3-BE56-4B935E708668}.Debug|Any CPU.ActiveCfg = Debug|Any CPU
		{C228C9C4-C21F-46B3-BE56-4B935E708668}.Debug|Any CPU.Build.0 = Debug|Any CPU
		{C228C9C4-C21F-46B3-BE56-4B935E708668}.Release|Any CPU.ActiveCfg = Release|Any CPU
		{C228C9C4-C21F-46B3-BE56-4B935E708668}.Release|Any CPU.Build.0 = Release|Any CPU
	EndGlobalSection
	GlobalSection(SolutionProperties) = preSolution
		HideSolutionNode = FALSE
	EndGlobalSection
	GlobalSection(ExtensibilityGlobals) = postSolution
		SolutionGuid = {9207A3E8-EBB2-4942-B766-00E0F5647DE4}
	EndGlobalSection
EndGlobal
