
Microsoft Visual Studio Solution File, Format Version 12.00
# Visual Studio Version 17
VisualStudioVersion = 17.5.002.0
MinimumVisualStudioVersion = 10.0.40219.1
Project("{9A19103F-16F7-4668-BE54-9A1E7A4F7556}") = "Chefs", "Chefs.csproj", "{C3637946-787E-4EDA-941C-7BF35F7CDA24}"
EndProject
Global
	GlobalSection(SolutionConfigurationPlatforms) = preSolution
		Debug|Any CPU = Debug|Any CPU
		Release|Any CPU = Release|Any CPU
	EndGlobalSection
	GlobalSection(ProjectConfigurationPlatforms) = postSolution
		{C3637946-787E-4EDA-941C-7BF35F7CDA24}.Debug|Any CPU.ActiveCfg = Debug|Any CPU
		{C3637946-787E-4EDA-941C-7BF35F7CDA24}.Debug|Any CPU.Build.0 = Debug|Any CPU
		{C3637946-787E-4EDA-941C-7BF35F7CDA24}.Release|Any CPU.ActiveCfg = Release|Any CPU
		{C3637946-787E-4EDA-941C-7BF35F7CDA24}.Release|Any CPU.Build.0 = Release|Any CPU
	EndGlobalSection
	GlobalSection(SolutionProperties) = preSolution
		HideSolutionNode = FALSE
	EndGlobalSection
	GlobalSection(ExtensibilityGlobals) = postSolution
		SolutionGuid = {1305224A-687F-4D9F-9712-AB010D8A368A}
	EndGlobalSection
EndGlobal
